
Microsoft Visual Studio Solution File, Format Version 12.00
# Visual Studio Version 17
VisualStudioVersion = 17.5.33530.505
MinimumVisualStudioVersion = 10.0.40219.1
Project("{FAE04EC0-301F-11D3-BF4B-00C04F79EFBC}") = "LinqLearnConsoleApp", "LinqLearnConsoleApp\LinqLearnConsoleApp.csproj", "{746D45C8-F496-4CF3-B5B3-1F3EB62CDBCE}"
EndProject
Global
	GlobalSection(SolutionConfigurationPlatforms) = preSolution
		Debug|Any CPU = Debug|Any CPU
		Release|Any CPU = Release|Any CPU
	EndGlobalSection
	GlobalSection(ProjectConfigurationPlatforms) = postSolution
		{746D45C8-F496-4CF3-B5B3-1F3EB62CDBCE}.Debug|Any CPU.ActiveCfg = Debug|Any CPU
		{746D45C8-F496-4CF3-B5B3-1F3EB62CDBCE}.Debug|Any CPU.Build.0 = Debug|Any CPU
		{746D45C8-F496-4CF3-B5B3-1F3EB62CDBCE}.Release|Any CPU.ActiveCfg = Release|Any CPU
		{746D45C8-F496-4CF3-B5B3-1F3EB62CDBCE}.Release|Any CPU.Build.0 = Release|Any CPU
	EndGlobalSection
	GlobalSection(SolutionProperties) = preSolution
		HideSolutionNode = FALSE
	EndGlobalSection
	GlobalSection(ExtensibilityGlobals) = postSolution
		SolutionGuid = {68A88296-A585-4B65-85D9-FC159E04270D}
	EndGlobalSection
EndGlobal
